{
  "name": "server",
  "lockfileVersion": 3,
  "requires": true,
  "packages": {
    "": {
      "name": "server",
      "dependencies": {
        "@azure/communication-email": "^1.0.0",
        "@hono/zod-validator": "^0.4.3",
        "@types/uuid": "^10.0.0",
        "bcrypt": "^6.0.0",
        "better-auth": "^1.1.15",
        "dotenv": "^16.5.0",
        "form-data": "^4.0.1",
        "hono": "^4.6.14",
        "kysely": "^0.27.5",
        "mailgun.js": "11.1.0",
        "node-fetch": "^3.3.2",
        "nodemailer": "^6.10.0",
        "pg": "^8.13.1",
        "uuid": "^11.1.0",
        "zod": "^3.23.8"
      },
      "devDependencies": {
        "@types/bun": "latest",
        "@types/nodemailer": "^6.4.17",
        "@types/pg": "^8.11.11",
        "dbmate": "^1.16.1",
        "kysely-codegen": "^0.17.0"
      }
    },
    "../../node_modules/.pnpm/@types+nodemailer@6.4.17/node_modules/@types/nodemailer": {
      "version": "6.4.17",
      "dev": true,
      "license": "MIT",
      "dependencies": {
        "@types/node": "*"
      }
    },
    "../../node_modules/.pnpm/@types+pg@8.11.11/node_modules/@types/pg": {
      "version": "8.11.11",
      "dev": true,
      "license": "MIT",
      "dependencies": {
        "@types/node": "*",
        "pg-protocol": "*",
        "pg-types": "^4.0.1"
      }
    },
    "../../node_modules/.pnpm/kysely-codegen@0.17.0_kysely@0.27.5_pg@8.13.1/node_modules/kysely-codegen": {
      "version": "0.17.0",
      "dev": true,
      "license": "MIT",
      "dependencies": {
        "chalk": "4.1.2",
        "dotenv": "^16.4.5",
        "dotenv-expand": "^11.0.6",
        "git-diff": "^2.0.6",
        "micromatch": "^4.0.8",
        "minimist": "^1.2.8",
        "pluralize": "^8.0.0"
      },
      "bin": {
        "kysely-codegen": "dist/cli/bin.js"
      },
      "devDependencies": {
        "@libsql/kysely-libsql": "^0.4.1",
        "@robinblomberg/eslint-config-prettier": "^0.1.4",
        "@robinblomberg/eslint-config-robinblomberg": "0.28.0",
        "@robinblomberg/prettier-config": "^0.1.2",
        "@types/better-sqlite3": "^7.6.11",
        "@types/bun": "^1.1.9",
        "@types/git-diff": "^2.0.7",
        "@types/micromatch": "^4.0.9",
        "@types/minimist": "^1.2.5",
        "@types/node": "^22.5.5",
        "@types/pg": "^8.11.10",
        "@types/pluralize": "^0.0.33",
        "@types/tedious": "^4.0.14",
        "better-sqlite3": "^11.3.0",
        "cspell-cli": "^8.13.3",
        "eslint": "^8.57.0",
        "execa": "^9.4.0",
        "knip": "^5.30.2",
        "kysely": "^0.27.4",
        "mysql2": "^3.11.3",
        "npm-run-all": "^4.1.5",
        "pg": "^8.13.0",
        "postgres-interval": "^4.0.2",
        "prettier": "^3.3.3",
        "rimraf": "^6.0.1",
        "tsx": "^4.19.1",
        "typescript": "^5.6.2",
        "vitest": "^2.1.1"
      },
      "peerDependencies": {
        "@libsql/kysely-libsql": "^0.3.0",
        "@tediousjs/connection-string": "^0.5.0",
        "better-sqlite3": ">=7.6.2",
        "kysely": "^0.27.0",
        "kysely-bun-sqlite": "^0.3.2",
        "kysely-bun-worker": "^0.5.3",
        "mysql2": "^2.3.3 || ^3.0.0",
        "pg": "^8.8.0",
        "tarn": "^3.0.0",
        "tedious": "^18.0.0"
      },
      "peerDependenciesMeta": {
        "@libsql/kysely-libsql": {
          "optional": true
        },
        "@tediousjs/connection-string": {
          "optional": true
        },
        "better-sqlite3": {
          "optional": true
        },
        "kysely": {
          "optional": false
        },
        "kysely-bun-sqlite": {
          "optional": true
        },
        "kysely-bun-worker": {
          "optional": true
        },
        "mysql2": {
          "optional": true
        },
        "pg": {
          "optional": true
        },
        "tarn": {
          "optional": true
        },
        "tedious": {
          "optional": true
        }
      }
    },
    "../../node_modules/.pnpm/kysely@0.27.5/node_modules/kysely": {
      "version": "0.27.5",
      "license": "MIT",
      "devDependencies": {
        "@arethetypeswrong/cli": "^0.17.0",
        "@types/better-sqlite3": "^7.6.11",
        "@types/chai": "^4.3.17",
        "@types/chai-as-promised": "^7.1.8",
        "@types/chai-subset": "^1.3.5",
        "@types/mocha": "^10.0.7",
        "@types/node": "^22.5.0",
        "@types/pg": "^8.11.6",
        "@types/pg-cursor": "^2.7.2",
        "@types/sinon": "^17.0.2",
        "@types/tedious": "^4.0.9",
        "better-sqlite3": "^11.2.1",
        "chai": "^4.5.0",
        "chai-as-promised": "^7.1.2",
        "chai-subset": "^1.6.0",
        "esbuild": "^0.24.0",
        "lodash": "^4.17.21",
        "mocha": "^10.7.3",
        "mysql2": "^3.11.0",
        "pg": "^8.12.0",
        "pg-cursor": "^2.11.0",
        "pkg-pr-new": "^0.0.30",
        "playwright": "^1.46.1",
        "prettier": "^3.3.3",
        "sinon": "^19.0.2",
        "tarn": "^3.0.2",
        "tedious": "^19.0.0",
        "tsd": "^0.31.1",
        "typescript": "^5.6.3"
      },
      "engines": {
        "node": ">=14.0.0"
      }
    },
    "../../node_modules/.pnpm/mailgun.js@11.1.0/node_modules/mailgun.js": {
      "version": "11.1.0",
      "license": "MIT",
      "dependencies": {
        "axios": "^1.7.4",
        "base-64": "^1.0.0",
        "url-join": "^4.0.1"
      },
      "engines": {
        "node": ">=18.0.0"
      }
    },
    "../../node_modules/.pnpm/nodemailer@6.10.0/node_modules/nodemailer": {
      "version": "6.10.0",
      "license": "MIT-0",
      "devDependencies": {
        "@aws-sdk/client-ses": "3.731.1",
        "bunyan": "1.8.15",
        "c8": "10.1.3",
        "eslint": "8.57.0",
        "eslint-config-nodemailer": "1.2.0",
        "eslint-config-prettier": "9.1.0",
        "libbase64": "1.3.0",
        "libmime": "5.3.6",
        "libqp": "2.1.1",
        "nodemailer-ntlm-auth": "1.0.4",
        "proxy": "1.0.2",
        "proxy-test-server": "1.0.0",
        "smtp-server": "3.13.6"
      },
      "engines": {
        "node": ">=6.0.0"
      }
    },
    "node_modules/@azure-rest/core-client": {
      "version": "2.5.0",
      "resolved": "https://registry.npmjs.org/@azure-rest/core-client/-/core-client-2.5.0.tgz",
      "integrity": "sha512-KMVIPxG6ygcQ1M2hKHahF7eddKejYsWTjoLIfTWiqnaj42dBkYzj4+S8rK9xxmlOaEHKZHcMrRbm0NfN4kgwHw==",
      "license": "MIT",
      "dependencies": {
        "@azure/abort-controller": "^2.0.0",
        "@azure/core-auth": "^1.9.0",
        "@azure/core-rest-pipeline": "^1.5.0",
        "@azure/core-tracing": "^1.0.1",
        "@typespec/ts-http-runtime": "^0.3.0",
        "tslib": "^2.6.2"
      },
      "engines": {
        "node": ">=20.0.0"
      }
    },
    "node_modules/@azure/abort-controller": {
      "version": "2.1.2",
      "resolved": "https://registry.npmjs.org/@azure/abort-controller/-/abort-controller-2.1.2.tgz",
      "integrity": "sha512-nBrLsEWm4J2u5LpAPjxADTlq3trDgVZZXHNKabeXZtpq3d3AbN/KGO82R87rdDz5/lYB024rtEf10/q0urNgsA==",
      "license": "MIT",
      "dependencies": {
        "tslib": "^2.6.2"
      },
      "engines": {
        "node": ">=18.0.0"
      }
    },
    "node_modules/@azure/communication-common": {
      "version": "2.4.0",
      "resolved": "https://registry.npmjs.org/@azure/communication-common/-/communication-common-2.4.0.tgz",
      "integrity": "sha512-wwn4AoOgTgoA9OZkO34SKBpQg7/kfcABnzbaYEbc+9bCkBtwwjgMEk6xM+XLEE/uuODZ8q8jidUoNcZHQyP5AQ==",
      "license": "MIT",
      "dependencies": {
        "@azure-rest/core-client": "^2.3.3",
        "@azure/abort-controller": "^2.1.2",
        "@azure/core-auth": "^1.9.0",
        "@azure/core-rest-pipeline": "^1.17.0",
        "@azure/core-tracing": "^1.2.0",
        "@azure/core-util": "^1.11.0",
        "events": "^3.3.0",
        "jwt-decode": "^4.0.0",
        "tslib": "^2.8.1"
      },
      "engines": {
        "node": ">=18.0.0"
      }
    },
    "node_modules/@azure/communication-email": {
      "version": "1.0.0",
      "resolved": "https://registry.npmjs.org/@azure/communication-email/-/communication-email-1.0.0.tgz",
      "integrity": "sha512-aY/qE3u4gadd6I895WOJPXrbKaPqeFDxGOK5xgAAqHkqNadI+hCp/D59q5Kfcj5Qcxal6mLm1GwZ1Cka0x4KZw==",
      "license": "MIT",
      "dependencies": {
        "@azure/communication-common": "^2.2.0",
        "@azure/core-auth": "^1.3.0",
        "@azure/core-client": "^1.3.2",
        "@azure/core-lro": "^2.5.0",
        "@azure/core-rest-pipeline": "^1.8.0",
        "@azure/logger": "^1.0.0",
        "tslib": "^1.9.3",
        "uuid": "^8.3.2"
      },
      "engines": {
        "node": ">=14.0.0"
      }
    },
    "node_modules/@azure/communication-email/node_modules/tslib": {
      "version": "1.14.1",
      "resolved": "https://registry.npmjs.org/tslib/-/tslib-1.14.1.tgz",
      "integrity": "sha512-Xni35NKzjgMrwevysHTCArtLDpPvye8zV/0E4EyYn43P7/7qvQwPh9BGkHewbMulVntbigmcT7rdX3BNo9wRJg==",
      "license": "0BSD"
    },
    "node_modules/@azure/communication-email/node_modules/uuid": {
      "version": "8.3.2",
      "resolved": "https://registry.npmjs.org/uuid/-/uuid-8.3.2.tgz",
      "integrity": "sha512-+NYs2QeMWy+GWFOEm9xnn6HCDp0l7QBD7ml8zLUmJ+93Q5NF0NocErnwkTkXVFNiX3/fpC6afS8Dhb/gz7R7eg==",
      "license": "MIT",
      "bin": {
        "uuid": "dist/bin/uuid"
      }
    },
    "node_modules/@azure/core-auth": {
      "version": "1.10.0",
      "resolved": "https://registry.npmjs.org/@azure/core-auth/-/core-auth-1.10.0.tgz",
      "integrity": "sha512-88Djs5vBvGbHQHf5ZZcaoNHo6Y8BKZkt3cw2iuJIQzLEgH4Ox6Tm4hjFhbqOxyYsgIG/eJbFEHpxRIfEEWv5Ow==",
      "license": "MIT",
      "dependencies": {
        "@azure/abort-controller": "^2.0.0",
        "@azure/core-util": "^1.11.0",
        "tslib": "^2.6.2"
      },
      "engines": {
        "node": ">=20.0.0"
      }
    },
    "node_modules/@azure/core-client": {
      "version": "1.10.0",
      "resolved": "https://registry.npmjs.org/@azure/core-client/-/core-client-1.10.0.tgz",
      "integrity": "sha512-O4aP3CLFNodg8eTHXECaH3B3CjicfzkxVtnrfLkOq0XNP7TIECGfHpK/C6vADZkWP75wzmdBnsIA8ksuJMk18g==",
      "license": "MIT",
      "dependencies": {
        "@azure/abort-controller": "^2.0.0",
        "@azure/core-auth": "^1.4.0",
        "@azure/core-rest-pipeline": "^1.20.0",
        "@azure/core-tracing": "^1.0.0",
        "@azure/core-util": "^1.6.1",
        "@azure/logger": "^1.0.0",
        "tslib": "^2.6.2"
      },
      "engines": {
        "node": ">=20.0.0"
      }
    },
    "node_modules/@azure/core-lro": {
      "version": "2.7.2",
      "resolved": "https://registry.npmjs.org/@azure/core-lro/-/core-lro-2.7.2.tgz",
      "integrity": "sha512-0YIpccoX8m/k00O7mDDMdJpbr6mf1yWo2dfmxt5A8XVZVVMz2SSKaEbMCeJRvgQ0IaSlqhjT47p4hVIRRy90xw==",
      "license": "MIT",
      "dependencies": {
        "@azure/abort-controller": "^2.0.0",
        "@azure/core-util": "^1.2.0",
        "@azure/logger": "^1.0.0",
        "tslib": "^2.6.2"
      },
      "engines": {
        "node": ">=18.0.0"
      }
    },
    "node_modules/@azure/core-rest-pipeline": {
      "version": "1.22.0",
      "resolved": "https://registry.npmjs.org/@azure/core-rest-pipeline/-/core-rest-pipeline-1.22.0.tgz",
      "integrity": "sha512-OKHmb3/Kpm06HypvB3g6Q3zJuvyXcpxDpCS1PnU8OV6AJgSFaee/covXBcPbWc6XDDxtEPlbi3EMQ6nUiPaQtw==",
      "license": "MIT",
      "dependencies": {
        "@azure/abort-controller": "^2.0.0",
        "@azure/core-auth": "^1.8.0",
        "@azure/core-tracing": "^1.0.1",
        "@azure/core-util": "^1.11.0",
        "@azure/logger": "^1.0.0",
        "@typespec/ts-http-runtime": "^0.3.0",
        "tslib": "^2.6.2"
      },
      "engines": {
        "node": ">=20.0.0"
      }
    },
    "node_modules/@azure/core-tracing": {
      "version": "1.3.0",
      "resolved": "https://registry.npmjs.org/@azure/core-tracing/-/core-tracing-1.3.0.tgz",
      "integrity": "sha512-+XvmZLLWPe67WXNZo9Oc9CrPj/Tm8QnHR92fFAFdnbzwNdCH1h+7UdpaQgRSBsMY+oW1kHXNUZQLdZ1gHX3ROw==",
      "license": "MIT",
      "dependencies": {
        "tslib": "^2.6.2"
      },
      "engines": {
        "node": ">=20.0.0"
      }
    },
    "node_modules/@azure/core-util": {
      "version": "1.13.0",
      "resolved": "https://registry.npmjs.org/@azure/core-util/-/core-util-1.13.0.tgz",
      "integrity": "sha512-o0psW8QWQ58fq3i24Q1K2XfS/jYTxr7O1HRcyUE9bV9NttLU+kYOH82Ixj8DGlMTOWgxm1Sss2QAfKK5UkSPxw==",
      "license": "MIT",
      "dependencies": {
        "@azure/abort-controller": "^2.0.0",
        "@typespec/ts-http-runtime": "^0.3.0",
        "tslib": "^2.6.2"
      },
      "engines": {
        "node": ">=20.0.0"
      }
    },
    "node_modules/@azure/logger": {
      "version": "1.3.0",
      "resolved": "https://registry.npmjs.org/@azure/logger/-/logger-1.3.0.tgz",
      "integrity": "sha512-fCqPIfOcLE+CGqGPd66c8bZpwAji98tZ4JI9i/mlTNTlsIWslCfpg48s/ypyLxZTump5sypjrKn2/kY7q8oAbA==",
      "license": "MIT",
      "dependencies": {
        "@typespec/ts-http-runtime": "^0.3.0",
        "tslib": "^2.6.2"
      },
      "engines": {
        "node": ">=20.0.0"
      }
    },
    "node_modules/@better-auth/utils": {
      "version": "0.2.3",
      "license": "MIT",
      "dependencies": {
        "uncrypto": "^0.1.3"
      }
    },
    "node_modules/@better-fetch/fetch": {
      "version": "1.1.12"
    },
    "node_modules/@hexagon/base64": {
      "version": "1.1.28",
      "license": "MIT"
    },
    "node_modules/@hono/zod-validator": {
      "version": "0.4.3",
      "resolved": "https://registry.npmjs.org/@hono/zod-validator/-/zod-validator-0.4.3.tgz",
      "integrity": "sha512-xIgMYXDyJ4Hj6ekm9T9Y27s080Nl9NXHcJkOvkXPhubOLj8hZkOL8pDnnXfvCf5xEE8Q4oMFenQUZZREUY2gqQ==",
      "license": "MIT",
      "peerDependencies": {
        "hono": ">=3.9.0",
        "zod": "^3.19.1"
      }
    },
    "node_modules/@levischuck/tiny-cbor": {
      "version": "0.2.11",
      "license": "MIT"
    },
    "node_modules/@noble/ciphers": {
      "version": "0.6.0",
      "license": "MIT",
      "funding": {
        "url": "https://paulmillr.com/funding/"
      }
    },
    "node_modules/@noble/hashes": {
      "version": "1.7.1",
      "license": "MIT",
      "engines": {
        "node": "^14.21.3 || >=16"
      },
      "funding": {
        "url": "https://paulmillr.com/funding/"
      }
    },
    "node_modules/@peculiar/asn1-android": {
      "version": "2.3.15",
      "license": "MIT",
      "dependencies": {
        "@peculiar/asn1-schema": "^2.3.15",
        "asn1js": "^3.0.5",
        "tslib": "^2.8.1"
      }
    },
    "node_modules/@peculiar/asn1-ecc": {
      "version": "2.3.15",
      "license": "MIT",
      "dependencies": {
        "@peculiar/asn1-schema": "^2.3.15",
        "@peculiar/asn1-x509": "^2.3.15",
        "asn1js": "^3.0.5",
        "tslib": "^2.8.1"
      }
    },
    "node_modules/@peculiar/asn1-rsa": {
      "version": "2.3.15",
      "license": "MIT",
      "dependencies": {
        "@peculiar/asn1-schema": "^2.3.15",
        "@peculiar/asn1-x509": "^2.3.15",
        "asn1js": "^3.0.5",
        "tslib": "^2.8.1"
      }
    },
    "node_modules/@peculiar/asn1-schema": {
      "version": "2.3.15",
      "license": "MIT",
      "dependencies": {
        "asn1js": "^3.0.5",
        "pvtsutils": "^1.3.6",
        "tslib": "^2.8.1"
      }
    },
    "node_modules/@peculiar/asn1-x509": {
      "version": "2.3.15",
      "license": "MIT",
      "dependencies": {
        "@peculiar/asn1-schema": "^2.3.15",
        "asn1js": "^3.0.5",
        "pvtsutils": "^1.3.6",
        "tslib": "^2.8.1"
      }
    },
    "node_modules/@simplewebauthn/browser": {
      "version": "13.1.0",
      "license": "MIT"
    },
    "node_modules/@simplewebauthn/server": {
      "version": "13.1.1",
      "license": "MIT",
      "dependencies": {
        "@hexagon/base64": "^1.1.27",
        "@levischuck/tiny-cbor": "^0.2.2",
        "@peculiar/asn1-android": "^2.3.10",
        "@peculiar/asn1-ecc": "^2.3.8",
        "@peculiar/asn1-rsa": "^2.3.8",
        "@peculiar/asn1-schema": "^2.3.8",
        "@peculiar/asn1-x509": "^2.3.8"
      },
      "engines": {
        "node": ">=20.0.0"
      }
    },
    "node_modules/@types/bun": {
      "version": "1.2.2",
      "resolved": "https://registry.npmjs.org/@types/bun/-/bun-1.2.2.tgz",
      "integrity": "sha512-tr74gdku+AEDN5ergNiBnplr7hpDp3V1h7fqI2GcR/rsUaM39jpSeKH0TFibRvU0KwniRx5POgaYnaXbk0hU+w==",
      "dev": true,
      "license": "MIT",
      "dependencies": {
        "bun-types": "1.2.2"
      }
    },
    "node_modules/@types/node": {
      "version": "22.13.4",
      "dev": true,
      "license": "MIT",
      "dependencies": {
        "undici-types": "~6.20.0"
      }
    },
    "node_modules/@types/nodemailer": {
      "resolved": "../../node_modules/.pnpm/@types+nodemailer@6.4.17/node_modules/@types/nodemailer",
      "link": true
    },
    "node_modules/@types/pg": {
      "resolved": "../../node_modules/.pnpm/@types+pg@8.11.11/node_modules/@types/pg",
      "link": true
    },
    "node_modules/@types/uuid": {
      "version": "10.0.0",
      "resolved": "https://registry.npmjs.org/@types/uuid/-/uuid-10.0.0.tgz",
      "integrity": "sha512-7gqG38EyHgyP1S+7+xomFtL+ZNHcKv6DwNaCZmJmo1vgMugyF3TCnXVg4t1uk89mLNwnLtnY3TpOpCOyp1/xHQ==",
      "license": "MIT"
    },
    "node_modules/@types/ws": {
      "version": "8.5.14",
      "dev": true,
      "license": "MIT",
      "dependencies": {
        "@types/node": "*"
      }
    },
    "node_modules/@typespec/ts-http-runtime": {
      "version": "0.3.0",
      "resolved": "https://registry.npmjs.org/@typespec/ts-http-runtime/-/ts-http-runtime-0.3.0.tgz",
      "integrity": "sha512-sOx1PKSuFwnIl7z4RN0Ls7N9AQawmR9r66eI5rFCzLDIs8HTIYrIpH9QjYWoX0lkgGrkLxXhi4QnK7MizPRrIg==",
      "license": "MIT",
      "dependencies": {
        "http-proxy-agent": "^7.0.0",
        "https-proxy-agent": "^7.0.0",
        "tslib": "^2.6.2"
      },
      "engines": {
        "node": ">=20.0.0"
      }
    },
    "node_modules/agent-base": {
      "version": "7.1.4",
      "resolved": "https://registry.npmjs.org/agent-base/-/agent-base-7.1.4.tgz",
      "integrity": "sha512-MnA+YT8fwfJPgBx3m60MNqakm30XOkyIoH1y6huTQvC0PwZG7ki8NacLBcrPbNoo8vEZy7Jpuk7+jMO+CUovTQ==",
      "license": "MIT",
      "engines": {
        "node": ">= 14"
      }
    },
    "node_modules/asn1js": {
      "version": "3.0.5",
      "license": "BSD-3-Clause",
      "dependencies": {
        "pvtsutils": "^1.3.2",
        "pvutils": "^1.1.3",
        "tslib": "^2.4.0"
      },
      "engines": {
        "node": ">=12.0.0"
      }
    },
    "node_modules/asynckit": {
      "version": "0.4.0",
      "license": "MIT"
    },
    "node_modules/bcrypt": {
      "version": "6.0.0",
      "resolved": "https://registry.npmjs.org/bcrypt/-/bcrypt-6.0.0.tgz",
      "integrity": "sha512-cU8v/EGSrnH+HnxV2z0J7/blxH8gq7Xh2JFT6Aroax7UohdmiJJlxApMxtKfuI7z68NvvVcmR78k2LbT6efhRg==",
      "hasInstallScript": true,
      "license": "MIT",
      "dependencies": {
        "node-addon-api": "^8.3.0",
        "node-gyp-build": "^4.8.4"
      },
      "engines": {
        "node": ">= 18"
      }
    },
    "node_modules/better-auth": {
      "version": "1.1.18",
      "dependencies": {
        "@better-auth/utils": "0.2.3",
        "@better-fetch/fetch": "1.1.12",
        "@noble/ciphers": "^0.6.0",
        "@noble/hashes": "^1.6.1",
        "@simplewebauthn/browser": "^13.0.0",
        "@simplewebauthn/server": "^13.0.0",
        "better-call": "0.3.3",
        "defu": "^6.1.4",
        "jose": "^5.9.6",
        "kysely": "^0.27.4",
        "nanostores": "^0.11.3",
        "zod": "^3.24.1"
      }
    },
    "node_modules/better-call": {
      "version": "0.3.3",
      "dependencies": {
        "@better-fetch/fetch": "^1.1.4",
        "rou3": "^0.5.1",
        "uncrypto": "^0.1.3",
        "zod": "^3.24.1"
      }
    },
    "node_modules/bun-types": {
      "version": "1.2.2",
      "dev": true,
      "license": "MIT",
      "dependencies": {
        "@types/node": "*",
        "@types/ws": "~8.5.10"
      }
    },
    "node_modules/call-bind-apply-helpers": {
      "version": "1.0.2",
      "license": "MIT",
      "dependencies": {
        "es-errors": "^1.3.0",
        "function-bind": "^1.1.2"
      },
      "engines": {
        "node": ">= 0.4"
      }
    },
    "node_modules/combined-stream": {
      "version": "1.0.8",
      "license": "MIT",
      "dependencies": {
        "delayed-stream": "~1.0.0"
      },
      "engines": {
        "node": ">= 0.8"
      }
    },
    "node_modules/data-uri-to-buffer": {
      "version": "4.0.1",
      "resolved": "https://registry.npmjs.org/data-uri-to-buffer/-/data-uri-to-buffer-4.0.1.tgz",
      "integrity": "sha512-0R9ikRb668HB7QDxT1vkpuUBtqc53YyAwMwGeUFKRojY/NWKvdZ+9UYtRfGmhqNbRkTSVpMbmyhXipFFv2cb/A==",
      "license": "MIT",
      "engines": {
        "node": ">= 12"
      }
    },
    "node_modules/dbmate": {
      "version": "1.16.1",
      "resolved": "https://registry.npmjs.org/dbmate/-/dbmate-1.16.1.tgz",
      "integrity": "sha512-DETcO2ZTfBg4ney0O08FqNStjkBaR++by7B0l50vMDZcnKzwHQXv/NoInvV/ogyLdWhJoHJ0Yx/WR16V5iwD2A==",
      "dev": true,
      "bin": {
        "dbmate": "dist/cli.js"
      }
    },
    "node_modules/debug": {
      "version": "4.4.1",
      "resolved": "https://registry.npmjs.org/debug/-/debug-4.4.1.tgz",
      "integrity": "sha512-KcKCqiftBJcZr++7ykoDIEwSa3XWowTfNPo92BYxjXiyYEVrUQh2aLyhxBCwww+heortUFxEJYcRzosstTEBYQ==",
      "license": "MIT",
      "dependencies": {
        "ms": "^2.1.3"
      },
      "engines": {
        "node": ">=6.0"
      },
      "peerDependenciesMeta": {
        "supports-color": {
          "optional": true
        }
      }
    },
    "node_modules/defu": {
      "version": "6.1.4",
      "license": "MIT"
    },
    "node_modules/delayed-stream": {
      "version": "1.0.0",
      "license": "MIT",
      "engines": {
        "node": ">=0.4.0"
      }
    },
    "node_modules/dotenv": {
      "version": "16.5.0",
      "resolved": "https://registry.npmjs.org/dotenv/-/dotenv-16.5.0.tgz",
      "integrity": "sha512-m/C+AwOAr9/W1UOIZUo232ejMNnJAJtYQjUbHoNTBNTJSvqzzDh7vnrei3o3r3m9blf6ZoDkvcw0VmozNRFJxg==",
      "license": "BSD-2-Clause",
      "engines": {
        "node": ">=12"
      },
      "funding": {
        "url": "https://dotenvx.com"
      }
    },
    "node_modules/dunder-proto": {
      "version": "1.0.1",
      "license": "MIT",
      "dependencies": {
        "call-bind-apply-helpers": "^1.0.1",
        "es-errors": "^1.3.0",
        "gopd": "^1.2.0"
      },
      "engines": {
        "node": ">= 0.4"
      }
    },
    "node_modules/es-define-property": {
      "version": "1.0.1",
      "license": "MIT",
      "engines": {
        "node": ">= 0.4"
      }
    },
    "node_modules/es-errors": {
      "version": "1.3.0",
      "license": "MIT",
      "engines": {
        "node": ">= 0.4"
      }
    },
    "node_modules/es-object-atoms": {
      "version": "1.1.1",
      "license": "MIT",
      "dependencies": {
        "es-errors": "^1.3.0"
      },
      "engines": {
        "node": ">= 0.4"
      }
    },
    "node_modules/es-set-tostringtag": {
      "version": "2.1.0",
      "license": "MIT",
      "dependencies": {
        "es-errors": "^1.3.0",
        "get-intrinsic": "^1.2.6",
        "has-tostringtag": "^1.0.2",
        "hasown": "^2.0.2"
      },
      "engines": {
        "node": ">= 0.4"
      }
    },
    "node_modules/events": {
      "version": "3.3.0",
      "resolved": "https://registry.npmjs.org/events/-/events-3.3.0.tgz",
      "integrity": "sha512-mQw+2fkQbALzQ7V0MY0IqdnXNOeTtP4r0lN9z7AAawCXgqea7bDii20AYrIBrFd/Hx0M2Ocz6S111CaFkUcb0Q==",
      "license": "MIT",
      "engines": {
        "node": ">=0.8.x"
      }
    },
    "node_modules/fetch-blob": {
      "version": "3.2.0",
      "resolved": "https://registry.npmjs.org/fetch-blob/-/fetch-blob-3.2.0.tgz",
      "integrity": "sha512-7yAQpD2UMJzLi1Dqv7qFYnPbaPx7ZfFK6PiIxQ4PfkGPyNyl2Ugx+a/umUonmKqjhM4DnfbMvdX6otXq83soQQ==",
      "funding": [
        {
          "type": "github",
          "url": "https://github.com/sponsors/jimmywarting"
        },
        {
          "type": "paypal",
          "url": "https://paypal.me/jimmywarting"
        }
      ],
      "license": "MIT",
      "dependencies": {
        "node-domexception": "^1.0.0",
        "web-streams-polyfill": "^3.0.3"
      },
      "engines": {
        "node": "^12.20 || >= 14.13"
      }
    },
    "node_modules/form-data": {
      "version": "4.0.2",
      "license": "MIT",
      "dependencies": {
        "asynckit": "^0.4.0",
        "combined-stream": "^1.0.8",
        "es-set-tostringtag": "^2.1.0",
        "mime-types": "^2.1.12"
      },
      "engines": {
        "node": ">= 6"
      }
    },
    "node_modules/formdata-polyfill": {
      "version": "4.0.10",
      "resolved": "https://registry.npmjs.org/formdata-polyfill/-/formdata-polyfill-4.0.10.tgz",
      "integrity": "sha512-buewHzMvYL29jdeQTVILecSaZKnt/RJWjoZCF5OW60Z67/GmSLBkOFM7qh1PI3zFNtJbaZL5eQu1vLfazOwj4g==",
      "license": "MIT",
      "dependencies": {
        "fetch-blob": "^3.1.2"
      },
      "engines": {
        "node": ">=12.20.0"
      }
    },
    "node_modules/function-bind": {
      "version": "1.1.2",
      "license": "MIT",
      "funding": {
        "url": "https://github.com/sponsors/ljharb"
      }
    },
    "node_modules/get-intrinsic": {
      "version": "1.2.7",
      "license": "MIT",
      "dependencies": {
        "call-bind-apply-helpers": "^1.0.1",
        "es-define-property": "^1.0.1",
        "es-errors": "^1.3.0",
        "es-object-atoms": "^1.0.0",
        "function-bind": "^1.1.2",
        "get-proto": "^1.0.0",
        "gopd": "^1.2.0",
        "has-symbols": "^1.1.0",
        "hasown": "^2.0.2",
        "math-intrinsics": "^1.1.0"
      },
      "engines": {
        "node": ">= 0.4"
      },
      "funding": {
        "url": "https://github.com/sponsors/ljharb"
      }
    },
    "node_modules/get-proto": {
      "version": "1.0.1",
      "license": "MIT",
      "dependencies": {
        "dunder-proto": "^1.0.1",
        "es-object-atoms": "^1.0.0"
      },
      "engines": {
        "node": ">= 0.4"
      }
    },
    "node_modules/gopd": {
      "version": "1.2.0",
      "license": "MIT",
      "engines": {
        "node": ">= 0.4"
      },
      "funding": {
        "url": "https://github.com/sponsors/ljharb"
      }
    },
    "node_modules/has-symbols": {
      "version": "1.1.0",
      "license": "MIT",
      "engines": {
        "node": ">= 0.4"
      },
      "funding": {
        "url": "https://github.com/sponsors/ljharb"
      }
    },
    "node_modules/has-tostringtag": {
      "version": "1.0.2",
      "license": "MIT",
      "dependencies": {
        "has-symbols": "^1.0.3"
      },
      "engines": {
        "node": ">= 0.4"
      },
      "funding": {
        "url": "https://github.com/sponsors/ljharb"
      }
    },
    "node_modules/hasown": {
      "version": "2.0.2",
      "license": "MIT",
      "dependencies": {
        "function-bind": "^1.1.2"
      },
      "engines": {
        "node": ">= 0.4"
      }
    },
    "node_modules/hono": {
      "version": "4.7.1",
      "license": "MIT",
      "engines": {
        "node": ">=16.9.0"
      }
    },
    "node_modules/http-proxy-agent": {
      "version": "7.0.2",
      "resolved": "https://registry.npmjs.org/http-proxy-agent/-/http-proxy-agent-7.0.2.tgz",
      "integrity": "sha512-T1gkAiYYDWYx3V5Bmyu7HcfcvL7mUrTWiM6yOfa3PIphViJ/gFPbvidQ+veqSOHci/PxBcDabeUNCzpOODJZig==",
      "license": "MIT",
      "dependencies": {
        "agent-base": "^7.1.0",
        "debug": "^4.3.4"
      },
      "engines": {
        "node": ">= 14"
      }
    },
    "node_modules/https-proxy-agent": {
      "version": "7.0.6",
      "resolved": "https://registry.npmjs.org/https-proxy-agent/-/https-proxy-agent-7.0.6.tgz",
      "integrity": "sha512-vK9P5/iUfdl95AI+JVyUuIcVtd4ofvtrOr3HNtM2yxC9bnMbEdp3x01OhQNnjb8IJYi38VlTE3mBXwcfvywuSw==",
      "license": "MIT",
      "dependencies": {
        "agent-base": "^7.1.2",
        "debug": "4"
      },
      "engines": {
        "node": ">= 14"
      }
    },
    "node_modules/jose": {
      "version": "5.9.6",
      "license": "MIT",
      "funding": {
        "url": "https://github.com/sponsors/panva"
      }
    },
    "node_modules/jwt-decode": {
      "version": "4.0.0",
      "resolved": "https://registry.npmjs.org/jwt-decode/-/jwt-decode-4.0.0.tgz",
      "integrity": "sha512-+KJGIyHgkGuIq3IEBNftfhW/LfWhXUIY6OmyVWjliu5KH1y0fw7VQ8YndE2O4qZdMSd9SqbnC8GOcZEy0Om7sA==",
      "license": "MIT",
      "engines": {
        "node": ">=18"
      }
    },
    "node_modules/kysely": {
      "resolved": "../../node_modules/.pnpm/kysely@0.27.5/node_modules/kysely",
      "link": true
    },
    "node_modules/kysely-codegen": {
      "resolved": "../../node_modules/.pnpm/kysely-codegen@0.17.0_kysely@0.27.5_pg@8.13.1/node_modules/kysely-codegen",
      "link": true
    },
    "node_modules/mailgun.js": {
      "resolved": "../../node_modules/.pnpm/mailgun.js@11.1.0/node_modules/mailgun.js",
      "link": true
    },
    "node_modules/math-intrinsics": {
      "version": "1.1.0",
      "license": "MIT",
      "engines": {
        "node": ">= 0.4"
      }
    },
    "node_modules/mime-db": {
      "version": "1.52.0",
      "license": "MIT",
      "engines": {
        "node": ">= 0.6"
      }
    },
    "node_modules/mime-types": {
      "version": "2.1.35",
      "license": "MIT",
      "dependencies": {
        "mime-db": "1.52.0"
      },
      "engines": {
        "node": ">= 0.6"
      }
    },
    "node_modules/ms": {
      "version": "2.1.3",
      "resolved": "https://registry.npmjs.org/ms/-/ms-2.1.3.tgz",
      "integrity": "sha512-6FlzubTLZG3J2a/NVCAleEhjzq5oxgHyaCU9yYXvcLsvoVaHJq/s5xXI6/XXP6tz7R9xAOtHnSO/tXtF3WRTlA==",
      "license": "MIT"
    },
    "node_modules/nanostores": {
      "version": "0.11.4",
      "funding": [
        {
          "type": "github",
          "url": "https://github.com/sponsors/ai"
        }
      ],
      "license": "MIT",
      "engines": {
        "node": "^18.0.0 || >=20.0.0"
      }
    },
    "node_modules/node-addon-api": {
      "version": "8.3.1",
      "resolved": "https://registry.npmjs.org/node-addon-api/-/node-addon-api-8.3.1.tgz",
      "integrity": "sha512-lytcDEdxKjGJPTLEfW4mYMigRezMlyJY8W4wxJK8zE533Jlb8L8dRuObJFWg2P+AuOIxoCgKF+2Oq4d4Zd0OUA==",
      "license": "MIT",
      "engines": {
        "node": "^18 || ^20 || >= 21"
      }
    },
    "node_modules/node-domexception": {
      "version": "1.0.0",
      "resolved": "https://registry.npmjs.org/node-domexception/-/node-domexception-1.0.0.tgz",
      "integrity": "sha512-/jKZoMpw0F8GRwl4/eLROPA3cfcXtLApP0QzLmUT/HuPCZWyB7IY9ZrMeKw2O/nFIqPQB3PVM9aYm0F312AXDQ==",
      "deprecated": "Use your platform's native DOMException instead",
      "funding": [
        {
          "type": "github",
          "url": "https://github.com/sponsors/jimmywarting"
        },
        {
          "type": "github",
          "url": "https://paypal.me/jimmywarting"
        }
      ],
      "license": "MIT",
      "engines": {
        "node": ">=10.5.0"
      }
    },
    "node_modules/node-fetch": {
      "version": "3.3.2",
      "resolved": "https://registry.npmjs.org/node-fetch/-/node-fetch-3.3.2.tgz",
      "integrity": "sha512-dRB78srN/l6gqWulah9SrxeYnxeddIG30+GOqK/9OlLVyLg3HPnr6SqOWTWOXKRwC2eGYCkZ59NNuSgvSrpgOA==",
      "license": "MIT",
      "dependencies": {
        "data-uri-to-buffer": "^4.0.0",
        "fetch-blob": "^3.1.4",
        "formdata-polyfill": "^4.0.10"
      },
      "engines": {
        "node": "^12.20.0 || ^14.13.1 || >=16.0.0"
      },
      "funding": {
        "type": "opencollective",
        "url": "https://opencollective.com/node-fetch"
      }
    },
    "node_modules/node-gyp-build": {
      "version": "4.8.4",
      "resolved": "https://registry.npmjs.org/node-gyp-build/-/node-gyp-build-4.8.4.tgz",
      "integrity": "sha512-LA4ZjwlnUblHVgq0oBF3Jl/6h/Nvs5fzBLwdEF4nuxnFdsfajde4WfxtJr3CaiH+F6ewcIB/q4jQ4UzPyid+CQ==",
      "license": "MIT",
      "bin": {
        "node-gyp-build": "bin.js",
        "node-gyp-build-optional": "optional.js",
        "node-gyp-build-test": "build-test.js"
      }
    },
    "node_modules/nodemailer": {
      "resolved": "../../node_modules/.pnpm/nodemailer@6.10.0/node_modules/nodemailer",
      "link": true
    },
    "node_modules/pg": {
      "version": "8.13.3",
      "license": "MIT",
      "dependencies": {
        "pg-connection-string": "^2.7.0",
        "pg-pool": "^3.7.1",
        "pg-protocol": "^1.7.1",
        "pg-types": "^2.1.0",
        "pgpass": "1.x"
      },
      "engines": {
        "node": ">= 8.0.0"
      },
      "optionalDependencies": {
        "pg-cloudflare": "^1.1.1"
      },
      "peerDependencies": {
        "pg-native": ">=3.0.1"
      },
      "peerDependenciesMeta": {
        "pg-native": {
          "optional": true
        }
      }
    },
    "node_modules/pg-cloudflare": {
      "version": "1.1.1",
      "license": "MIT",
      "optional": true
    },
    "node_modules/pg-connection-string": {
      "version": "2.7.0",
      "license": "MIT"
    },
    "node_modules/pg-int8": {
      "version": "1.0.1",
      "license": "ISC",
      "engines": {
        "node": ">=4.0.0"
      }
    },
    "node_modules/pg-pool": {
      "version": "3.7.1",
      "license": "MIT",
      "peerDependencies": {
        "pg": ">=8.0"
      }
    },
    "node_modules/pg-protocol": {
      "version": "1.7.1",
      "license": "MIT"
    },
    "node_modules/pg/node_modules/pg-types": {
      "version": "2.2.0",
      "license": "MIT",
      "dependencies": {
        "pg-int8": "1.0.1",
        "postgres-array": "~2.0.0",
        "postgres-bytea": "~1.0.0",
        "postgres-date": "~1.0.4",
        "postgres-interval": "^1.1.0"
      },
      "engines": {
        "node": ">=4"
      }
    },
    "node_modules/pg/node_modules/pg-types/node_modules/postgres-array": {
      "version": "2.0.0",
      "license": "MIT",
      "engines": {
        "node": ">=4"
      }
    },
    "node_modules/pg/node_modules/pg-types/node_modules/postgres-bytea": {
      "version": "1.0.0",
      "license": "MIT",
      "engines": {
        "node": ">=0.10.0"
      }
    },
    "node_modules/pg/node_modules/pg-types/node_modules/postgres-date": {
      "version": "1.0.7",
      "license": "MIT",
      "engines": {
        "node": ">=0.10.0"
      }
    },
    "node_modules/pg/node_modules/pg-types/node_modules/postgres-interval": {
      "version": "1.2.0",
      "license": "MIT",
      "dependencies": {
        "xtend": "^4.0.0"
      },
      "engines": {
        "node": ">=0.10.0"
      }
    },
    "node_modules/pgpass": {
      "version": "1.0.5",
      "license": "MIT",
      "dependencies": {
        "split2": "^4.1.0"
      }
    },
    "node_modules/pvtsutils": {
      "version": "1.3.6",
      "license": "MIT",
      "dependencies": {
        "tslib": "^2.8.1"
      }
    },
    "node_modules/pvutils": {
      "version": "1.1.3",
      "license": "MIT",
      "engines": {
        "node": ">=6.0.0"
      }
    },
    "node_modules/rou3": {
      "version": "0.5.1",
      "license": "MIT"
    },
    "node_modules/split2": {
      "version": "4.2.0",
      "license": "ISC",
      "engines": {
        "node": ">= 10.x"
      }
    },
    "node_modules/tslib": {
      "version": "2.8.1",
      "license": "0BSD"
    },
    "node_modules/uncrypto": {
      "version": "0.1.3",
      "license": "MIT"
    },
    "node_modules/undici-types": {
      "version": "6.20.0",
      "dev": true,
      "license": "MIT"
    },
    "node_modules/uuid": {
      "version": "11.1.0",
      "resolved": "https://registry.npmjs.org/uuid/-/uuid-11.1.0.tgz",
      "integrity": "sha512-0/A9rDy9P7cJ+8w1c9WD9V//9Wj15Ce2MPz8Ri6032usz+NfePxx5AcN3bN+r6ZL6jEo066/yNYB3tn4pQEx+A==",
      "funding": [
        "https://github.com/sponsors/broofa",
        "https://github.com/sponsors/ctavan"
      ],
      "license": "MIT",
      "bin": {
        "uuid": "dist/esm/bin/uuid"
      }
    },
    "node_modules/web-streams-polyfill": {
      "version": "3.3.3",
      "resolved": "https://registry.npmjs.org/web-streams-polyfill/-/web-streams-polyfill-3.3.3.tgz",
      "integrity": "sha512-d2JWLCivmZYTSIoge9MsgFCZrt571BikcWGYkjC1khllbTeDlGqZ2D8vD8E/lJa8WGWbb7Plm8/XJYV7IJHZZw==",
      "license": "MIT",
      "engines": {
        "node": ">= 8"
      }
    },
    "node_modules/xtend": {
      "version": "4.0.2",
      "license": "MIT",
      "engines": {
        "node": ">=0.4"
      }
    },
    "node_modules/zod": {
      "version": "3.25.76",
      "resolved": "https://registry.npmjs.org/zod/-/zod-3.25.76.tgz",
      "integrity": "sha512-gzUt/qt81nXsFGKIFcC3YnfEAx5NkunCfnDlvuBSSFS02bcXu4Lmea0AFIUwbLWxWPx3d9p8S5QoaujKcNQxcQ==",
      "license": "MIT",
      "funding": {
        "url": "https://github.com/sponsors/colinhacks"
      }
    }
  }
}
